
Microsoft Visual Studio Solution File, Format Version 12.00
# Visual Studio Version 17
VisualStudioVersion = 17.2.32616.157
MinimumVisualStudioVersion = 10.0.40219.1
Project("{FAE04EC0-301F-11D3-BF4B-00C04F79EFBC}") = "The_Robot_Pilot", "The_Robot_Pilot\The_Robot_Pilot.csproj", "{961B801C-493F-4545-A84E-9DE6019BDA40}"
EndProject
Global
	GlobalSection(SolutionConfigurationPlatforms) = preSolution
		Debug|Any CPU = Debug|Any CPU
		Release|Any CPU = Release|Any CPU
	EndGlobalSection
	GlobalSection(ProjectConfigurationPlatforms) = postSolution
		{961B801C-493F-4545-A84E-9DE6019BDA40}.Debug|Any CPU.ActiveCfg = Debug|Any CPU
		{961B801C-493F-4545-A84E-9DE6019BDA40}.Debug|Any CPU.Build.0 = Debug|Any CPU
		{961B801C-493F-4545-A84E-9DE6019BDA40}.Release|Any CPU.ActiveCfg = Release|Any CPU
		{961B801C-493F-4545-A84E-9DE6019BDA40}.Release|Any CPU.Build.0 = Release|Any CPU
	EndGlobalSection
	GlobalSection(SolutionProperties) = preSolution
		HideSolutionNode = FALSE
	EndGlobalSection
	GlobalSection(ExtensibilityGlobals) = postSolution
		SolutionGuid = {D9B664F4-7E53-4C1F-B54A-55BBFEB8BB16}
	EndGlobalSection
EndGlobal
